
Microsoft Visual Studio Solution File, Format Version 12.00
# Visual Studio 15
VisualStudioVersion = 15.0.28307.960
MinimumVisualStudioVersion = 10.0.40219.1
Project("{8BC9CEB8-8B4A-11D0-8D11-00A0C91BC942}") = "小顶堆的实现", "小顶堆的实现\小顶堆的实现.vcxproj", "{FFFA1538-AD6F-43FB-A730-5F2E0D7E3E0A}"
EndProject
Global
	GlobalSection(SolutionConfigurationPlatforms) = preSolution
		Debug|x64 = Debug|x64
		Debug|x86 = Debug|x86
		Release|x64 = Release|x64
		Release|x86 = Release|x86
	EndGlobalSection
	GlobalSection(ProjectConfigurationPlatforms) = postSolution
		{FFFA1538-AD6F-43FB-A730-5F2E0D7E3E0A}.Debug|x64.ActiveCfg = Debug|x64
		{FFFA1538-AD6F-43FB-A730-5F2E0D7E3E0A}.Debug|x64.Build.0 = Debug|x64
		{FFFA1538-AD6F-43FB-A730-5F2E0D7E3E0A}.Debug|x86.ActiveCfg = Debug|Win32
		{FFFA1538-AD6F-43FB-A730-5F2E0D7E3E0A}.Debug|x86.Build.0 = Debug|Win32
		{FFFA1538-AD6F-43FB-A730-5F2E0D7E3E0A}.Release|x64.ActiveCfg = Release|x64
		{FFFA1538-AD6F-43FB-A730-5F2E0D7E3E0A}.Release|x64.Build.0 = Release|x64
		{FFFA1538-AD6F-43FB-A730-5F2E0D7E3E0A}.Release|x86.ActiveCfg = Release|Win32
		{FFFA1538-AD6F-43FB-A730-5F2E0D7E3E0A}.Release|x86.Build.0 = Release|Win32
	EndGlobalSection
	GlobalSection(SolutionProperties) = preSolution
		HideSolutionNode = FALSE
	EndGlobalSection
	GlobalSection(ExtensibilityGlobals) = postSolution
		SolutionGuid = {AC32251F-5BAC-4D7C-B4BC-0EE341211D23}
	EndGlobalSection
EndGlobal
